
Microsoft Visual Studio Solution File, Format Version 12.00
# Visual Studio 15
VisualStudioVersion = 15.0.27703.2000
MinimumVisualStudioVersion = 10.0.40219.1
Project("{FAE04EC0-301F-11D3-BF4B-00C04F79EFBC}") = "CareerCloud.Pocos", "CareerCloud.Pocos\CareerCloud.Pocos.csproj", "{C4B51E8A-EABC-4646-B97C-0368CC48DDCA}"
EndProject
Project("{FAE04EC0-301F-11D3-BF4B-00C04F79EFBC}") = "CareerCloud.DataAccessLayer", "CareerCloud.DataAccessLayer\CareerCloud.DataAccessLayer.csproj", "{03C12359-E42C-41DA-9254-969660D0ADB5}"
EndProject
Project("{FAE04EC0-301F-11D3-BF4B-00C04F79EFBC}") = "CareerCloud.ADODataAccessLayer", "CareerCloud.ADODataAccessLayer\CareerCloud.ADODataAccessLayer.csproj", "{971EF43E-2904-444B-96AB-0EE6D3E34A42}"
EndProject
Project("{FAE04EC0-301F-11D3-BF4B-00C04F79EFBC}") = "CareerCloud.BusinessLogicLayer", "CareerCloud.BusinessLogicLayer\CareerCloud.BusinessLogicLayer.csproj", "{4B06D4B4-9041-4DFC-8BD0-03CFF126E570}"
EndProject
Project("{FAE04EC0-301F-11D3-BF4B-00C04F79EFBC}") = "CareerCloud.UnitTests.Assignment3", "CareerCloud.UnitTests.Assignment3\CareerCloud.UnitTests.Assignment3\CareerCloud.UnitTests.Assignment3.csproj", "{2D394F6A-C67B-4127-895E-8F6812942AC5}"
EndProject
Project("{FAE04EC0-301F-11D3-BF4B-00C04F79EFBC}") = "CareerCloud.UnitTests.Assignment1", "CareerCloud.UnitTests.Assignment1\CareerCloud.UnitTests.Assignment1.csproj", "{0EF4F160-68B1-491A-925F-064D66EC3283}"
EndProject
Project("{FAE04EC0-301F-11D3-BF4B-00C04F79EFBC}") = "CareerCloud.UnitTests.Assignment2", "CareerCloud.UnitTests.Assignment2\CareerCloud.UnitTests.Assignment2\CareerCloud.UnitTests.Assignment2.csproj", "{6E68DDCD-CDB9-4ABF-8DF3-57AE31F474E3}"
EndProject
Project("{FAE04EC0-301F-11D3-BF4B-00C04F79EFBC}") = "CareerCloud.EntityFrameworkDataAccess", "CareerCloud.EntityFrameworkDataAccess\CareerCloud.EntityFrameworkDataAccess.csproj", "{5A9C7530-9DFC-4AA4-81E7-47B3223ED6C8}"
EndProject
Project("{FAE04EC0-301F-11D3-BF4B-00C04F79EFBC}") = "CarerrCloud.UnitTests.Assignment4", "CareerCloud.UnitTests.Assignment4\CarerrCloud.UnitTests.Assignment4\CarerrCloud.UnitTests.Assignment4.csproj", "{D8F213B9-4DC6-4C4E-A7A5-D741C0C7DFE3}"
EndProject
Global
	GlobalSection(SolutionConfigurationPlatforms) = preSolution
		Debug|Any CPU = Debug|Any CPU
		Release|Any CPU = Release|Any CPU
	EndGlobalSection
	GlobalSection(ProjectConfigurationPlatforms) = postSolution
		{C4B51E8A-EABC-4646-B97C-0368CC48DDCA}.Debug|Any CPU.ActiveCfg = Debug|Any CPU
		{C4B51E8A-EABC-4646-B97C-0368CC48DDCA}.Debug|Any CPU.Build.0 = Debug|Any CPU
		{C4B51E8A-EABC-4646-B97C-0368CC48DDCA}.Release|Any CPU.ActiveCfg = Release|Any CPU
		{C4B51E8A-EABC-4646-B97C-0368CC48DDCA}.Release|Any CPU.Build.0 = Release|Any CPU
		{03C12359-E42C-41DA-9254-969660D0ADB5}.Debug|Any CPU.ActiveCfg = Debug|Any CPU
		{03C12359-E42C-41DA-9254-969660D0ADB5}.Debug|Any CPU.Build.0 = Debug|Any CPU
		{03C12359-E42C-41DA-9254-969660D0ADB5}.Release|Any CPU.ActiveCfg = Release|Any CPU
		{03C12359-E42C-41DA-9254-969660D0ADB5}.Release|Any CPU.Build.0 = Release|Any CPU
		{971EF43E-2904-444B-96AB-0EE6D3E34A42}.Debug|Any CPU.ActiveCfg = Debug|Any CPU
		{971EF43E-2904-444B-96AB-0EE6D3E34A42}.Debug|Any CPU.Build.0 = Debug|Any CPU
		{971EF43E-2904-444B-96AB-0EE6D3E34A42}.Release|Any CPU.ActiveCfg = Release|Any CPU
		{971EF43E-2904-444B-96AB-0EE6D3E34A42}.Release|Any CPU.Build.0 = Release|Any CPU
		{4B06D4B4-9041-4DFC-8BD0-03CFF126E570}.Debug|Any CPU.ActiveCfg = Debug|Any CPU
		{4B06D4B4-9041-4DFC-8BD0-03CFF126E570}.Debug|Any CPU.Build.0 = Debug|Any CPU
		{4B06D4B4-9041-4DFC-8BD0-03CFF126E570}.Release|Any CPU.ActiveCfg = Release|Any CPU
		{4B06D4B4-9041-4DFC-8BD0-03CFF126E570}.Release|Any CPU.Build.0 = Release|Any CPU
		{2D394F6A-C67B-4127-895E-8F6812942AC5}.Debug|Any CPU.ActiveCfg = Debug|Any CPU
		{2D394F6A-C67B-4127-895E-8F6812942AC5}.Debug|Any CPU.Build.0 = Debug|Any CPU
		{2D394F6A-C67B-4127-895E-8F6812942AC5}.Release|Any CPU.ActiveCfg = Release|Any CPU
		{2D394F6A-C67B-4127-895E-8F6812942AC5}.Release|Any CPU.Build.0 = Release|Any CPU
		{0EF4F160-68B1-491A-925F-064D66EC3283}.Debug|Any CPU.ActiveCfg = Debug|Any CPU
		{0EF4F160-68B1-491A-925F-064D66EC3283}.Debug|Any CPU.Build.0 = Debug|Any CPU
		{0EF4F160-68B1-491A-925F-064D66EC3283}.Release|Any CPU.ActiveCfg = Release|Any CPU
		{0EF4F160-68B1-491A-925F-064D66EC3283}.Release|Any CPU.Build.0 = Release|Any CPU
		{6E68DDCD-CDB9-4ABF-8DF3-57AE31F474E3}.Debug|Any CPU.ActiveCfg = Debug|Any CPU
		{6E68DDCD-CDB9-4ABF-8DF3-57AE31F474E3}.Debug|Any CPU.Build.0 = Debug|Any CPU
		{6E68DDCD-CDB9-4ABF-8DF3-57AE31F474E3}.Release|Any CPU.ActiveCfg = Release|Any CPU
		{6E68DDCD-CDB9-4ABF-8DF3-57AE31F474E3}.Release|Any CPU.Build.0 = Release|Any CPU
		{5A9C7530-9DFC-4AA4-81E7-47B3223ED6C8}.Debug|Any CPU.ActiveCfg = Debug|Any CPU
		{5A9C7530-9DFC-4AA4-81E7-47B3223ED6C8}.Debug|Any CPU.Build.0 = Debug|Any CPU
		{5A9C7530-9DFC-4AA4-81E7-47B3223ED6C8}.Release|Any CPU.ActiveCfg = Release|Any CPU
		{5A9C7530-9DFC-4AA4-81E7-47B3223ED6C8}.Release|Any CPU.Build.0 = Release|Any CPU
		{D8F213B9-4DC6-4C4E-A7A5-D741C0C7DFE3}.Debug|Any CPU.ActiveCfg = Debug|Any CPU
		{D8F213B9-4DC6-4C4E-A7A5-D741C0C7DFE3}.Debug|Any CPU.Build.0 = Debug|Any CPU
		{D8F213B9-4DC6-4C4E-A7A5-D741C0C7DFE3}.Release|Any CPU.ActiveCfg = Release|Any CPU
		{D8F213B9-4DC6-4C4E-A7A5-D741C0C7DFE3}.Release|Any CPU.Build.0 = Release|Any CPU
	EndGlobalSection
	GlobalSection(SolutionProperties) = preSolution
		HideSolutionNode = FALSE
	EndGlobalSection
	GlobalSection(ExtensibilityGlobals) = postSolution
		SolutionGuid = {E9995DD6-0C21-492A-9814-5CCC61BD414B}
	EndGlobalSection
EndGlobal
